{
    "name": "example",
    "version": "1.0.0",
    "lockfileVersion": 3,
    "requires": true,
    "packages": {
        "": {
            "name": "example",
            "version": "1.0.0",
            "license": "ISC",
            "dependencies": {
                "notification-system": "file:../pkg"
            }
        },
        "../pkg": {
            "name": "notification-system",
            "version": "0.1.0"
        },
        "node_modules/notification-system": {
            "resolved": "../pkg",
            "link": true
        }
    }
}
